
Microsoft Visual Studio Solution File, Format Version 12.00
Project("{FAE04EC0-301F-11D3-BF4B-00C04F79EFBC}") = "WpfApp1", "WpfApp1\WpfApp1.csproj", "{DC9BF8A6-8A1B-4A5E-BBC8-2C18E4F85449}"
EndProject
Global
	GlobalSection(SolutionConfigurationPlatforms) = preSolution
		Debug|Any CPU = Debug|Any CPU
		Release|Any CPU = Release|Any CPU
	EndGlobalSection
	GlobalSection(ProjectConfigurationPlatforms) = postSolution
		{DC9BF8A6-8A1B-4A5E-BBC8-2C18E4F85449}.Debug|Any CPU.ActiveCfg = Debug|Any CPU
		{DC9BF8A6-8A1B-4A5E-BBC8-2C18E4F85449}.Debug|Any CPU.Build.0 = Debug|Any CPU
		{DC9BF8A6-8A1B-4A5E-BBC8-2C18E4F85449}.Release|Any CPU.ActiveCfg = Release|Any CPU
		{DC9BF8A6-8A1B-4A5E-BBC8-2C18E4F85449}.Release|Any CPU.Build.0 = Release|Any CPU
	EndGlobalSection
EndGlobal
